
Microsoft Visual Studio Solution File, Format Version 12.00
# Visual Studio Version 17
VisualStudioVersion = 17.0.31903.59
MinimumVisualStudioVersion = 10.0.40219.1
Project("{2150E333-8FDC-42A3-9474-1A3956D46DE8}") = "src", "src", "{827E0CD3-B72D-47B6-A68D-7590B98EB39B}"
EndProject
Project("{FAE04EC0-301F-11D3-BF4B-00C04F79EFBC}") = "MCP.Service", "src\MCP.Service\MCP.Service.csproj", "{49A8DA60-11F2-4AC8-ABE2-6B253D884D11}"
EndProject
Project("{2150E333-8FDC-42A3-9474-1A3956D46DE8}") = ".build", ".build", "{F088C068-CF9C-4D8F-B599-D545013200D0}"
	ProjectSection(SolutionItems) = preProject
		.editorconfig = .editorconfig
		.gitignore = .gitignore
		Directory.Build.props = Directory.Build.props
		Directory.Build.targets = Directory.Build.targets
		Directory.Packages.props = Directory.Packages.props
		global.json = global.json
		stylecop.ruleset = stylecop.ruleset
		version.json = version.json
		CLAUDE.md = CLAUDE.md
	EndProjectSection
EndProject
Project("{2150E333-8FDC-42A3-9474-1A3956D46DE8}") = ".claude", ".claude", "{1702E74D-D6DE-4BF5-B258-87EE63A70D93}"
	ProjectSection(SolutionItems) = preProject
		.claude\settings.local.json = .claude\settings.local.json
	EndProjectSection
EndProject
Project("{2150E333-8FDC-42A3-9474-1A3956D46DE8}") = "docs", "docs", "{18977A52-CBB9-4655-8DF3-305D5E09632D}"
	ProjectSection(SolutionItems) = preProject
		docs\design.md = docs\design.md
	EndProjectSection
EndProject
Global
	GlobalSection(SolutionConfigurationPlatforms) = preSolution
		Debug|Any CPU = Debug|Any CPU
		Debug|x64 = Debug|x64
		Debug|x86 = Debug|x86
		Release|Any CPU = Release|Any CPU
		Release|x64 = Release|x64
		Release|x86 = Release|x86
	EndGlobalSection
	GlobalSection(ProjectConfigurationPlatforms) = postSolution
		{49A8DA60-11F2-4AC8-ABE2-6B253D884D11}.Debug|Any CPU.ActiveCfg = Debug|Any CPU
		{49A8DA60-11F2-4AC8-ABE2-6B253D884D11}.Debug|Any CPU.Build.0 = Debug|Any CPU
		{49A8DA60-11F2-4AC8-ABE2-6B253D884D11}.Debug|x64.ActiveCfg = Debug|Any CPU
		{49A8DA60-11F2-4AC8-ABE2-6B253D884D11}.Debug|x64.Build.0 = Debug|Any CPU
		{49A8DA60-11F2-4AC8-ABE2-6B253D884D11}.Debug|x86.ActiveCfg = Debug|Any CPU
		{49A8DA60-11F2-4AC8-ABE2-6B253D884D11}.Debug|x86.Build.0 = Debug|Any CPU
		{49A8DA60-11F2-4AC8-ABE2-6B253D884D11}.Release|Any CPU.ActiveCfg = Release|Any CPU
		{49A8DA60-11F2-4AC8-ABE2-6B253D884D11}.Release|Any CPU.Build.0 = Release|Any CPU
		{49A8DA60-11F2-4AC8-ABE2-6B253D884D11}.Release|x64.ActiveCfg = Release|Any CPU
		{49A8DA60-11F2-4AC8-ABE2-6B253D884D11}.Release|x64.Build.0 = Release|Any CPU
		{49A8DA60-11F2-4AC8-ABE2-6B253D884D11}.Release|x86.ActiveCfg = Release|Any CPU
		{49A8DA60-11F2-4AC8-ABE2-6B253D884D11}.Release|x86.Build.0 = Release|Any CPU
	EndGlobalSection
	GlobalSection(SolutionProperties) = preSolution
		HideSolutionNode = FALSE
	EndGlobalSection
	GlobalSection(NestedProjects) = preSolution
		{49A8DA60-11F2-4AC8-ABE2-6B253D884D11} = {827E0CD3-B72D-47B6-A68D-7590B98EB39B}
		{1702E74D-D6DE-4BF5-B258-87EE63A70D93} = {F088C068-CF9C-4D8F-B599-D545013200D0}
	EndGlobalSection
EndGlobal
