
Microsoft Visual Studio Solution File, Format Version 12.00
# Visual Studio Version 17
VisualStudioVersion = 17.0.31903.59
MinimumVisualStudioVersion = 10.0.40219.1
Project("{2150E333-8FDC-42A3-9474-1A3956D46DE8}") = "src", "src", "{827E0CD3-B72D-47B6-A68D-7590B98EB39B}"
EndProject
Project("{2150E333-8FDC-42A3-9474-1A3956D46DE8}") = ".build", ".build", "{F088C068-CF9C-4D8F-B599-D545013200D0}"
	ProjectSection(SolutionItems) = preProject
		.editorconfig = .editorconfig
		.gitignore = .gitignore
		Directory.Build.props = Directory.Build.props
		Directory.Build.targets = Directory.Build.targets
		Directory.Packages.props = Directory.Packages.props
		global.json = global.json
		stylecop.ruleset = stylecop.ruleset
		version.json = version.json
		CLAUDE.md = CLAUDE.md
	EndProjectSection
EndProject
Project("{2150E333-8FDC-42A3-9474-1A3956D46DE8}") = ".claude", ".claude", "{1702E74D-D6DE-4BF5-B258-87EE63A70D93}"
	ProjectSection(SolutionItems) = preProject
		.claude\settings.local.json = .claude\settings.local.json
	EndProjectSection
EndProject
Project("{2150E333-8FDC-42A3-9474-1A3956D46DE8}") = "docs", "docs", "{18977A52-CBB9-4655-8DF3-305D5E09632D}"
	ProjectSection(SolutionItems) = preProject
		docs\design.md = docs\design.md
	EndProjectSection
EndProject
Project("{2150E333-8FDC-42A3-9474-1A3956D46DE8}") = ".github", ".github", "{ADED638E-4CE3-4D6B-B469-98E4279F26E6}"
EndProject
Project("{2150E333-8FDC-42A3-9474-1A3956D46DE8}") = "workflows", "workflows", "{6DD05E18-BE9F-4C59-B488-3ED8D77431CD}"
	ProjectSection(SolutionItems) = preProject
		.github\workflows\integration.yml = .github\workflows\integration.yml
	EndProjectSection
EndProject
Project("{FAE04EC0-301F-11D3-BF4B-00C04F79EFBC}") = "OrderSystem.Core", "src\OrderSystem.Core\OrderSystem.Core.csproj", "{82E98B4A-E0D5-4E33-8699-0FDB8FF2874C}"
EndProject
Project("{FAE04EC0-301F-11D3-BF4B-00C04F79EFBC}") = "OrderSystem.Api", "src\OrderSystem.Api\OrderSystem.Api.csproj", "{5E53DEB4-A1A1-411D-BFD2-6D9E919B378E}"
EndProject
Project("{2150E333-8FDC-42A3-9474-1A3956D46DE8}") = "poc", "poc", "{42637010-D16B-4E88-B338-8EDCC7FFD5AC}"
EndProject
Project("{FAE04EC0-301F-11D3-BF4B-00C04F79EFBC}") = "MCP.Service", "src\poc\MCP.Service\MCP.Service.csproj", "{A914D56E-4ED9-4F34-8BD1-5055F3C1FD7D}"
EndProject
Global
	GlobalSection(SolutionConfigurationPlatforms) = preSolution
		Debug|Any CPU = Debug|Any CPU
		Debug|x64 = Debug|x64
		Debug|x86 = Debug|x86
		Release|Any CPU = Release|Any CPU
		Release|x64 = Release|x64
		Release|x86 = Release|x86
	EndGlobalSection
	GlobalSection(ProjectConfigurationPlatforms) = postSolution
		{82E98B4A-E0D5-4E33-8699-0FDB8FF2874C}.Debug|Any CPU.ActiveCfg = Debug|Any CPU
		{82E98B4A-E0D5-4E33-8699-0FDB8FF2874C}.Debug|Any CPU.Build.0 = Debug|Any CPU
		{82E98B4A-E0D5-4E33-8699-0FDB8FF2874C}.Debug|x64.ActiveCfg = Debug|Any CPU
		{82E98B4A-E0D5-4E33-8699-0FDB8FF2874C}.Debug|x64.Build.0 = Debug|Any CPU
		{82E98B4A-E0D5-4E33-8699-0FDB8FF2874C}.Debug|x86.ActiveCfg = Debug|Any CPU
		{82E98B4A-E0D5-4E33-8699-0FDB8FF2874C}.Debug|x86.Build.0 = Debug|Any CPU
		{82E98B4A-E0D5-4E33-8699-0FDB8FF2874C}.Release|Any CPU.ActiveCfg = Release|Any CPU
		{82E98B4A-E0D5-4E33-8699-0FDB8FF2874C}.Release|Any CPU.Build.0 = Release|Any CPU
		{82E98B4A-E0D5-4E33-8699-0FDB8FF2874C}.Release|x64.ActiveCfg = Release|Any CPU
		{82E98B4A-E0D5-4E33-8699-0FDB8FF2874C}.Release|x64.Build.0 = Release|Any CPU
		{82E98B4A-E0D5-4E33-8699-0FDB8FF2874C}.Release|x86.ActiveCfg = Release|Any CPU
		{82E98B4A-E0D5-4E33-8699-0FDB8FF2874C}.Release|x86.Build.0 = Release|Any CPU
		{5E53DEB4-A1A1-411D-BFD2-6D9E919B378E}.Debug|Any CPU.ActiveCfg = Debug|Any CPU
		{5E53DEB4-A1A1-411D-BFD2-6D9E919B378E}.Debug|Any CPU.Build.0 = Debug|Any CPU
		{5E53DEB4-A1A1-411D-BFD2-6D9E919B378E}.Debug|x64.ActiveCfg = Debug|Any CPU
		{5E53DEB4-A1A1-411D-BFD2-6D9E919B378E}.Debug|x64.Build.0 = Debug|Any CPU
		{5E53DEB4-A1A1-411D-BFD2-6D9E919B378E}.Debug|x86.ActiveCfg = Debug|Any CPU
		{5E53DEB4-A1A1-411D-BFD2-6D9E919B378E}.Debug|x86.Build.0 = Debug|Any CPU
		{5E53DEB4-A1A1-411D-BFD2-6D9E919B378E}.Release|Any CPU.ActiveCfg = Release|Any CPU
		{5E53DEB4-A1A1-411D-BFD2-6D9E919B378E}.Release|Any CPU.Build.0 = Release|Any CPU
		{5E53DEB4-A1A1-411D-BFD2-6D9E919B378E}.Release|x64.ActiveCfg = Release|Any CPU
		{5E53DEB4-A1A1-411D-BFD2-6D9E919B378E}.Release|x64.Build.0 = Release|Any CPU
		{5E53DEB4-A1A1-411D-BFD2-6D9E919B378E}.Release|x86.ActiveCfg = Release|Any CPU
		{5E53DEB4-A1A1-411D-BFD2-6D9E919B378E}.Release|x86.Build.0 = Release|Any CPU
		{A914D56E-4ED9-4F34-8BD1-5055F3C1FD7D}.Debug|Any CPU.ActiveCfg = Debug|Any CPU
		{A914D56E-4ED9-4F34-8BD1-5055F3C1FD7D}.Debug|Any CPU.Build.0 = Debug|Any CPU
		{A914D56E-4ED9-4F34-8BD1-5055F3C1FD7D}.Debug|x64.ActiveCfg = Debug|Any CPU
		{A914D56E-4ED9-4F34-8BD1-5055F3C1FD7D}.Debug|x64.Build.0 = Debug|Any CPU
		{A914D56E-4ED9-4F34-8BD1-5055F3C1FD7D}.Debug|x86.ActiveCfg = Debug|Any CPU
		{A914D56E-4ED9-4F34-8BD1-5055F3C1FD7D}.Debug|x86.Build.0 = Debug|Any CPU
		{A914D56E-4ED9-4F34-8BD1-5055F3C1FD7D}.Release|Any CPU.ActiveCfg = Release|Any CPU
		{A914D56E-4ED9-4F34-8BD1-5055F3C1FD7D}.Release|Any CPU.Build.0 = Release|Any CPU
		{A914D56E-4ED9-4F34-8BD1-5055F3C1FD7D}.Release|x64.ActiveCfg = Release|Any CPU
		{A914D56E-4ED9-4F34-8BD1-5055F3C1FD7D}.Release|x64.Build.0 = Release|Any CPU
		{A914D56E-4ED9-4F34-8BD1-5055F3C1FD7D}.Release|x86.ActiveCfg = Release|Any CPU
		{A914D56E-4ED9-4F34-8BD1-5055F3C1FD7D}.Release|x86.Build.0 = Release|Any CPU
	EndGlobalSection
	GlobalSection(SolutionProperties) = preSolution
		HideSolutionNode = FALSE
	EndGlobalSection
	GlobalSection(NestedProjects) = preSolution
		{1702E74D-D6DE-4BF5-B258-87EE63A70D93} = {F088C068-CF9C-4D8F-B599-D545013200D0}
		{6DD05E18-BE9F-4C59-B488-3ED8D77431CD} = {ADED638E-4CE3-4D6B-B469-98E4279F26E6}
		{82E98B4A-E0D5-4E33-8699-0FDB8FF2874C} = {827E0CD3-B72D-47B6-A68D-7590B98EB39B}
		{5E53DEB4-A1A1-411D-BFD2-6D9E919B378E} = {827E0CD3-B72D-47B6-A68D-7590B98EB39B}
		{42637010-D16B-4E88-B338-8EDCC7FFD5AC} = {827E0CD3-B72D-47B6-A68D-7590B98EB39B}
		{A914D56E-4ED9-4F34-8BD1-5055F3C1FD7D} = {42637010-D16B-4E88-B338-8EDCC7FFD5AC}
	EndGlobalSection
EndGlobal
