
Microsoft Visual Studio Solution File, Format Version 12.00
# Visual Studio Version 17
VisualStudioVersion = 17.0.31903.59
MinimumVisualStudioVersion = 10.0.40219.1
Project("{2150E333-8FDC-42A3-9474-1A3956D46DE8}") = "src", "src", "{827E0CD3-B72D-47B6-A68D-7590B98EB39B}"
EndProject
Project("{2150E333-8FDC-42A3-9474-1A3956D46DE8}") = ".build", ".build", "{F088C068-CF9C-4D8F-B599-D545013200D0}"
	ProjectSection(SolutionItems) = preProject
		.editorconfig = .editorconfig
		.gitignore = .gitignore
		Directory.Build.props = Directory.Build.props
		Directory.Build.targets = Directory.Build.targets
		Directory.Packages.props = Directory.Packages.props
		global.json = global.json
		stylecop.ruleset = stylecop.ruleset
		version.json = version.json
		CLAUDE.md = CLAUDE.md
	EndProjectSection
EndProject
Project("{2150E333-8FDC-42A3-9474-1A3956D46DE8}") = ".claude", ".claude", "{1702E74D-D6DE-4BF5-B258-87EE63A70D93}"
	ProjectSection(SolutionItems) = preProject
		.claude\settings.local.json = .claude\settings.local.json
	EndProjectSection
EndProject
Project("{2150E333-8FDC-42A3-9474-1A3956D46DE8}") = "docs", "docs", "{18977A52-CBB9-4655-8DF3-305D5E09632D}"
	ProjectSection(SolutionItems) = preProject
		docs\design.md = docs\design.md
	EndProjectSection
EndProject
Project("{2150E333-8FDC-42A3-9474-1A3956D46DE8}") = ".github", ".github", "{ADED638E-4CE3-4D6B-B469-98E4279F26E6}"
EndProject
Project("{2150E333-8FDC-42A3-9474-1A3956D46DE8}") = "workflows", "workflows", "{6DD05E18-BE9F-4C59-B488-3ED8D77431CD}"
	ProjectSection(SolutionItems) = preProject
		.github\workflows\integration.yml = .github\workflows\integration.yml
	EndProjectSection
EndProject
Project("{2150E333-8FDC-42A3-9474-1A3956D46DE8}") = "poc", "poc", "{42637010-D16B-4E88-B338-8EDCC7FFD5AC}"
EndProject
Project("{FAE04EC0-301F-11D3-BF4B-00C04F79EFBC}") = "MCP.Service", "src\poc\MCP.Service\MCP.Service.csproj", "{A914D56E-4ED9-4F34-8BD1-5055F3C1FD7D}"
EndProject
Project("{2150E333-8FDC-42A3-9474-1A3956D46DE8}") = "OrderSystem", "OrderSystem", "{376F596F-B321-4D04-8A9F-C3DA2056B48E}"
EndProject
Project("{FAE04EC0-301F-11D3-BF4B-00C04F79EFBC}") = "OrderSystem.Contracts", "src\OrderSystem.Contracts\OrderSystem.Contracts.csproj", "{86E269D8-31DB-4E57-B7FB-7F576FC4FE40}"
EndProject
Project("{FAE04EC0-301F-11D3-BF4B-00C04F79EFBC}") = "OrderSystem.CatalogService.App", "src\OrderSystem.CatalogService.App\OrderSystem.CatalogService.App.csproj", "{E0916016-3E47-4153-A53A-F7C023884E37}"
EndProject
Project("{FAE04EC0-301F-11D3-BF4B-00C04F79EFBC}") = "OrderSystem.CatalogService.Domain", "src\OrderSystem.CatalogService.Domain\OrderSystem.CatalogService.Domain.csproj", "{5536CCA8-1490-46EE-BEDB-5ECFA26FD3C4}"
EndProject
Project("{FAE04EC0-301F-11D3-BF4B-00C04F79EFBC}") = "OrderSystem.CustomerService.App", "src\OrderSystem.CustomerService.App\OrderSystem.CustomerService.App.csproj", "{4A7F3367-EED5-4488-95B3-1D40A06F6FBD}"
EndProject
Project("{FAE04EC0-301F-11D3-BF4B-00C04F79EFBC}") = "OrderSystem.CustomerService.Domain", "src\OrderSystem.CustomerService.Domain\OrderSystem.CustomerService.Domain.csproj", "{B0853BEF-EE37-43A8-AD16-789C34120D9C}"
EndProject
Project("{FAE04EC0-301F-11D3-BF4B-00C04F79EFBC}") = "OrderSystem.OrderService.App", "src\OrderSystem.OrderService.App\OrderSystem.OrderService.App.csproj", "{15B0770C-96E2-4F1A-A546-802C6F111D8D}"
EndProject
Project("{FAE04EC0-301F-11D3-BF4B-00C04F79EFBC}") = "OrderSystem.OrderService.Domain", "src\OrderSystem.OrderService.Domain\OrderSystem.OrderService.Domain.csproj", "{EC4B9DB5-3F50-494A-B7F2-AF22A942A2DA}"
EndProject
Project("{FAE04EC0-301F-11D3-BF4B-00C04F79EFBC}") = "OrderSystem.ShipmentService.App", "src\OrderSystem.ShipmentService.App\OrderSystem.ShipmentService.App.csproj", "{5E5B6CFA-F818-4341-9045-04623EC945C3}"
EndProject
Project("{FAE04EC0-301F-11D3-BF4B-00C04F79EFBC}") = "OrderSystem.ShipmentService.Domain", "src\OrderSystem.ShipmentService.Domain\OrderSystem.ShipmentService.Domain.csproj", "{94A987E9-3984-45D0-B533-045DB3487646}"
EndProject
Project("{FAE04EC0-301F-11D3-BF4B-00C04F79EFBC}") = "OrderSystem.PaymentService.Domain", "src\OrderSystem.PaymentService.Domain\OrderSystem.PaymentService.Domain.csproj", "{5840BAE3-80FA-4113-9F54-2CDF3D5702C0}"
EndProject
Project("{FAE04EC0-301F-11D3-BF4B-00C04F79EFBC}") = "OrderSystem.PaymentService.App", "src\OrderSystem.PaymentService.App\OrderSystem.PaymentService.App.csproj", "{46C23417-C7D5-4346-B384-8698B9B2D76F}"
EndProject
Global
	GlobalSection(SolutionConfigurationPlatforms) = preSolution
		Debug|Any CPU = Debug|Any CPU
		Debug|x64 = Debug|x64
		Debug|x86 = Debug|x86
		Release|Any CPU = Release|Any CPU
		Release|x64 = Release|x64
		Release|x86 = Release|x86
	EndGlobalSection
	GlobalSection(ProjectConfigurationPlatforms) = postSolution
		{A914D56E-4ED9-4F34-8BD1-5055F3C1FD7D}.Debug|Any CPU.ActiveCfg = Debug|Any CPU
		{A914D56E-4ED9-4F34-8BD1-5055F3C1FD7D}.Debug|Any CPU.Build.0 = Debug|Any CPU
		{A914D56E-4ED9-4F34-8BD1-5055F3C1FD7D}.Debug|x64.ActiveCfg = Debug|Any CPU
		{A914D56E-4ED9-4F34-8BD1-5055F3C1FD7D}.Debug|x64.Build.0 = Debug|Any CPU
		{A914D56E-4ED9-4F34-8BD1-5055F3C1FD7D}.Debug|x86.ActiveCfg = Debug|Any CPU
		{A914D56E-4ED9-4F34-8BD1-5055F3C1FD7D}.Debug|x86.Build.0 = Debug|Any CPU
		{A914D56E-4ED9-4F34-8BD1-5055F3C1FD7D}.Release|Any CPU.ActiveCfg = Release|Any CPU
		{A914D56E-4ED9-4F34-8BD1-5055F3C1FD7D}.Release|Any CPU.Build.0 = Release|Any CPU
		{A914D56E-4ED9-4F34-8BD1-5055F3C1FD7D}.Release|x64.ActiveCfg = Release|Any CPU
		{A914D56E-4ED9-4F34-8BD1-5055F3C1FD7D}.Release|x64.Build.0 = Release|Any CPU
		{A914D56E-4ED9-4F34-8BD1-5055F3C1FD7D}.Release|x86.ActiveCfg = Release|Any CPU
		{A914D56E-4ED9-4F34-8BD1-5055F3C1FD7D}.Release|x86.Build.0 = Release|Any CPU
		{86E269D8-31DB-4E57-B7FB-7F576FC4FE40}.Debug|Any CPU.ActiveCfg = Debug|Any CPU
		{86E269D8-31DB-4E57-B7FB-7F576FC4FE40}.Debug|Any CPU.Build.0 = Debug|Any CPU
		{86E269D8-31DB-4E57-B7FB-7F576FC4FE40}.Debug|x64.ActiveCfg = Debug|Any CPU
		{86E269D8-31DB-4E57-B7FB-7F576FC4FE40}.Debug|x64.Build.0 = Debug|Any CPU
		{86E269D8-31DB-4E57-B7FB-7F576FC4FE40}.Debug|x86.ActiveCfg = Debug|Any CPU
		{86E269D8-31DB-4E57-B7FB-7F576FC4FE40}.Debug|x86.Build.0 = Debug|Any CPU
		{86E269D8-31DB-4E57-B7FB-7F576FC4FE40}.Release|Any CPU.ActiveCfg = Release|Any CPU
		{86E269D8-31DB-4E57-B7FB-7F576FC4FE40}.Release|Any CPU.Build.0 = Release|Any CPU
		{86E269D8-31DB-4E57-B7FB-7F576FC4FE40}.Release|x64.ActiveCfg = Release|Any CPU
		{86E269D8-31DB-4E57-B7FB-7F576FC4FE40}.Release|x64.Build.0 = Release|Any CPU
		{86E269D8-31DB-4E57-B7FB-7F576FC4FE40}.Release|x86.ActiveCfg = Release|Any CPU
		{86E269D8-31DB-4E57-B7FB-7F576FC4FE40}.Release|x86.Build.0 = Release|Any CPU
		{E0916016-3E47-4153-A53A-F7C023884E37}.Debug|Any CPU.ActiveCfg = Debug|Any CPU
		{E0916016-3E47-4153-A53A-F7C023884E37}.Debug|Any CPU.Build.0 = Debug|Any CPU
		{E0916016-3E47-4153-A53A-F7C023884E37}.Debug|x64.ActiveCfg = Debug|Any CPU
		{E0916016-3E47-4153-A53A-F7C023884E37}.Debug|x64.Build.0 = Debug|Any CPU
		{E0916016-3E47-4153-A53A-F7C023884E37}.Debug|x86.ActiveCfg = Debug|Any CPU
		{E0916016-3E47-4153-A53A-F7C023884E37}.Debug|x86.Build.0 = Debug|Any CPU
		{E0916016-3E47-4153-A53A-F7C023884E37}.Release|Any CPU.ActiveCfg = Release|Any CPU
		{E0916016-3E47-4153-A53A-F7C023884E37}.Release|Any CPU.Build.0 = Release|Any CPU
		{E0916016-3E47-4153-A53A-F7C023884E37}.Release|x64.ActiveCfg = Release|Any CPU
		{E0916016-3E47-4153-A53A-F7C023884E37}.Release|x64.Build.0 = Release|Any CPU
		{E0916016-3E47-4153-A53A-F7C023884E37}.Release|x86.ActiveCfg = Release|Any CPU
		{E0916016-3E47-4153-A53A-F7C023884E37}.Release|x86.Build.0 = Release|Any CPU
		{5536CCA8-1490-46EE-BEDB-5ECFA26FD3C4}.Debug|Any CPU.ActiveCfg = Debug|Any CPU
		{5536CCA8-1490-46EE-BEDB-5ECFA26FD3C4}.Debug|Any CPU.Build.0 = Debug|Any CPU
		{5536CCA8-1490-46EE-BEDB-5ECFA26FD3C4}.Debug|x64.ActiveCfg = Debug|Any CPU
		{5536CCA8-1490-46EE-BEDB-5ECFA26FD3C4}.Debug|x64.Build.0 = Debug|Any CPU
		{5536CCA8-1490-46EE-BEDB-5ECFA26FD3C4}.Debug|x86.ActiveCfg = Debug|Any CPU
		{5536CCA8-1490-46EE-BEDB-5ECFA26FD3C4}.Debug|x86.Build.0 = Debug|Any CPU
		{5536CCA8-1490-46EE-BEDB-5ECFA26FD3C4}.Release|Any CPU.ActiveCfg = Release|Any CPU
		{5536CCA8-1490-46EE-BEDB-5ECFA26FD3C4}.Release|Any CPU.Build.0 = Release|Any CPU
		{5536CCA8-1490-46EE-BEDB-5ECFA26FD3C4}.Release|x64.ActiveCfg = Release|Any CPU
		{5536CCA8-1490-46EE-BEDB-5ECFA26FD3C4}.Release|x64.Build.0 = Release|Any CPU
		{5536CCA8-1490-46EE-BEDB-5ECFA26FD3C4}.Release|x86.ActiveCfg = Release|Any CPU
		{5536CCA8-1490-46EE-BEDB-5ECFA26FD3C4}.Release|x86.Build.0 = Release|Any CPU
		{4A7F3367-EED5-4488-95B3-1D40A06F6FBD}.Debug|Any CPU.ActiveCfg = Debug|Any CPU
		{4A7F3367-EED5-4488-95B3-1D40A06F6FBD}.Debug|Any CPU.Build.0 = Debug|Any CPU
		{4A7F3367-EED5-4488-95B3-1D40A06F6FBD}.Debug|x64.ActiveCfg = Debug|Any CPU
		{4A7F3367-EED5-4488-95B3-1D40A06F6FBD}.Debug|x64.Build.0 = Debug|Any CPU
		{4A7F3367-EED5-4488-95B3-1D40A06F6FBD}.Debug|x86.ActiveCfg = Debug|Any CPU
		{4A7F3367-EED5-4488-95B3-1D40A06F6FBD}.Debug|x86.Build.0 = Debug|Any CPU
		{4A7F3367-EED5-4488-95B3-1D40A06F6FBD}.Release|Any CPU.ActiveCfg = Release|Any CPU
		{4A7F3367-EED5-4488-95B3-1D40A06F6FBD}.Release|Any CPU.Build.0 = Release|Any CPU
		{4A7F3367-EED5-4488-95B3-1D40A06F6FBD}.Release|x64.ActiveCfg = Release|Any CPU
		{4A7F3367-EED5-4488-95B3-1D40A06F6FBD}.Release|x64.Build.0 = Release|Any CPU
		{4A7F3367-EED5-4488-95B3-1D40A06F6FBD}.Release|x86.ActiveCfg = Release|Any CPU
		{4A7F3367-EED5-4488-95B3-1D40A06F6FBD}.Release|x86.Build.0 = Release|Any CPU
		{B0853BEF-EE37-43A8-AD16-789C34120D9C}.Debug|Any CPU.ActiveCfg = Debug|Any CPU
		{B0853BEF-EE37-43A8-AD16-789C34120D9C}.Debug|Any CPU.Build.0 = Debug|Any CPU
		{B0853BEF-EE37-43A8-AD16-789C34120D9C}.Debug|x64.ActiveCfg = Debug|Any CPU
		{B0853BEF-EE37-43A8-AD16-789C34120D9C}.Debug|x64.Build.0 = Debug|Any CPU
		{B0853BEF-EE37-43A8-AD16-789C34120D9C}.Debug|x86.ActiveCfg = Debug|Any CPU
		{B0853BEF-EE37-43A8-AD16-789C34120D9C}.Debug|x86.Build.0 = Debug|Any CPU
		{B0853BEF-EE37-43A8-AD16-789C34120D9C}.Release|Any CPU.ActiveCfg = Release|Any CPU
		{B0853BEF-EE37-43A8-AD16-789C34120D9C}.Release|Any CPU.Build.0 = Release|Any CPU
		{B0853BEF-EE37-43A8-AD16-789C34120D9C}.Release|x64.ActiveCfg = Release|Any CPU
		{B0853BEF-EE37-43A8-AD16-789C34120D9C}.Release|x64.Build.0 = Release|Any CPU
		{B0853BEF-EE37-43A8-AD16-789C34120D9C}.Release|x86.ActiveCfg = Release|Any CPU
		{B0853BEF-EE37-43A8-AD16-789C34120D9C}.Release|x86.Build.0 = Release|Any CPU
		{15B0770C-96E2-4F1A-A546-802C6F111D8D}.Debug|Any CPU.ActiveCfg = Debug|Any CPU
		{15B0770C-96E2-4F1A-A546-802C6F111D8D}.Debug|Any CPU.Build.0 = Debug|Any CPU
		{15B0770C-96E2-4F1A-A546-802C6F111D8D}.Debug|x64.ActiveCfg = Debug|Any CPU
		{15B0770C-96E2-4F1A-A546-802C6F111D8D}.Debug|x64.Build.0 = Debug|Any CPU
		{15B0770C-96E2-4F1A-A546-802C6F111D8D}.Debug|x86.ActiveCfg = Debug|Any CPU
		{15B0770C-96E2-4F1A-A546-802C6F111D8D}.Debug|x86.Build.0 = Debug|Any CPU
		{15B0770C-96E2-4F1A-A546-802C6F111D8D}.Release|Any CPU.ActiveCfg = Release|Any CPU
		{15B0770C-96E2-4F1A-A546-802C6F111D8D}.Release|Any CPU.Build.0 = Release|Any CPU
		{15B0770C-96E2-4F1A-A546-802C6F111D8D}.Release|x64.ActiveCfg = Release|Any CPU
		{15B0770C-96E2-4F1A-A546-802C6F111D8D}.Release|x64.Build.0 = Release|Any CPU
		{15B0770C-96E2-4F1A-A546-802C6F111D8D}.Release|x86.ActiveCfg = Release|Any CPU
		{15B0770C-96E2-4F1A-A546-802C6F111D8D}.Release|x86.Build.0 = Release|Any CPU
		{EC4B9DB5-3F50-494A-B7F2-AF22A942A2DA}.Debug|Any CPU.ActiveCfg = Debug|Any CPU
		{EC4B9DB5-3F50-494A-B7F2-AF22A942A2DA}.Debug|Any CPU.Build.0 = Debug|Any CPU
		{EC4B9DB5-3F50-494A-B7F2-AF22A942A2DA}.Debug|x64.ActiveCfg = Debug|Any CPU
		{EC4B9DB5-3F50-494A-B7F2-AF22A942A2DA}.Debug|x64.Build.0 = Debug|Any CPU
		{EC4B9DB5-3F50-494A-B7F2-AF22A942A2DA}.Debug|x86.ActiveCfg = Debug|Any CPU
		{EC4B9DB5-3F50-494A-B7F2-AF22A942A2DA}.Debug|x86.Build.0 = Debug|Any CPU
		{EC4B9DB5-3F50-494A-B7F2-AF22A942A2DA}.Release|Any CPU.ActiveCfg = Release|Any CPU
		{EC4B9DB5-3F50-494A-B7F2-AF22A942A2DA}.Release|Any CPU.Build.0 = Release|Any CPU
		{EC4B9DB5-3F50-494A-B7F2-AF22A942A2DA}.Release|x64.ActiveCfg = Release|Any CPU
		{EC4B9DB5-3F50-494A-B7F2-AF22A942A2DA}.Release|x64.Build.0 = Release|Any CPU
		{EC4B9DB5-3F50-494A-B7F2-AF22A942A2DA}.Release|x86.ActiveCfg = Release|Any CPU
		{EC4B9DB5-3F50-494A-B7F2-AF22A942A2DA}.Release|x86.Build.0 = Release|Any CPU
		{5E5B6CFA-F818-4341-9045-04623EC945C3}.Debug|Any CPU.ActiveCfg = Debug|Any CPU
		{5E5B6CFA-F818-4341-9045-04623EC945C3}.Debug|Any CPU.Build.0 = Debug|Any CPU
		{5E5B6CFA-F818-4341-9045-04623EC945C3}.Debug|x64.ActiveCfg = Debug|Any CPU
		{5E5B6CFA-F818-4341-9045-04623EC945C3}.Debug|x64.Build.0 = Debug|Any CPU
		{5E5B6CFA-F818-4341-9045-04623EC945C3}.Debug|x86.ActiveCfg = Debug|Any CPU
		{5E5B6CFA-F818-4341-9045-04623EC945C3}.Debug|x86.Build.0 = Debug|Any CPU
		{5E5B6CFA-F818-4341-9045-04623EC945C3}.Release|Any CPU.ActiveCfg = Release|Any CPU
		{5E5B6CFA-F818-4341-9045-04623EC945C3}.Release|Any CPU.Build.0 = Release|Any CPU
		{5E5B6CFA-F818-4341-9045-04623EC945C3}.Release|x64.ActiveCfg = Release|Any CPU
		{5E5B6CFA-F818-4341-9045-04623EC945C3}.Release|x64.Build.0 = Release|Any CPU
		{5E5B6CFA-F818-4341-9045-04623EC945C3}.Release|x86.ActiveCfg = Release|Any CPU
		{5E5B6CFA-F818-4341-9045-04623EC945C3}.Release|x86.Build.0 = Release|Any CPU
		{94A987E9-3984-45D0-B533-045DB3487646}.Debug|Any CPU.ActiveCfg = Debug|Any CPU
		{94A987E9-3984-45D0-B533-045DB3487646}.Debug|Any CPU.Build.0 = Debug|Any CPU
		{94A987E9-3984-45D0-B533-045DB3487646}.Debug|x64.ActiveCfg = Debug|Any CPU
		{94A987E9-3984-45D0-B533-045DB3487646}.Debug|x64.Build.0 = Debug|Any CPU
		{94A987E9-3984-45D0-B533-045DB3487646}.Debug|x86.ActiveCfg = Debug|Any CPU
		{94A987E9-3984-45D0-B533-045DB3487646}.Debug|x86.Build.0 = Debug|Any CPU
		{94A987E9-3984-45D0-B533-045DB3487646}.Release|Any CPU.ActiveCfg = Release|Any CPU
		{94A987E9-3984-45D0-B533-045DB3487646}.Release|Any CPU.Build.0 = Release|Any CPU
		{94A987E9-3984-45D0-B533-045DB3487646}.Release|x64.ActiveCfg = Release|Any CPU
		{94A987E9-3984-45D0-B533-045DB3487646}.Release|x64.Build.0 = Release|Any CPU
		{94A987E9-3984-45D0-B533-045DB3487646}.Release|x86.ActiveCfg = Release|Any CPU
		{94A987E9-3984-45D0-B533-045DB3487646}.Release|x86.Build.0 = Release|Any CPU
		{5840BAE3-80FA-4113-9F54-2CDF3D5702C0}.Debug|Any CPU.ActiveCfg = Debug|Any CPU
		{5840BAE3-80FA-4113-9F54-2CDF3D5702C0}.Debug|Any CPU.Build.0 = Debug|Any CPU
		{5840BAE3-80FA-4113-9F54-2CDF3D5702C0}.Debug|x64.ActiveCfg = Debug|Any CPU
		{5840BAE3-80FA-4113-9F54-2CDF3D5702C0}.Debug|x64.Build.0 = Debug|Any CPU
		{5840BAE3-80FA-4113-9F54-2CDF3D5702C0}.Debug|x86.ActiveCfg = Debug|Any CPU
		{5840BAE3-80FA-4113-9F54-2CDF3D5702C0}.Debug|x86.Build.0 = Debug|Any CPU
		{5840BAE3-80FA-4113-9F54-2CDF3D5702C0}.Release|Any CPU.ActiveCfg = Release|Any CPU
		{5840BAE3-80FA-4113-9F54-2CDF3D5702C0}.Release|Any CPU.Build.0 = Release|Any CPU
		{5840BAE3-80FA-4113-9F54-2CDF3D5702C0}.Release|x64.ActiveCfg = Release|Any CPU
		{5840BAE3-80FA-4113-9F54-2CDF3D5702C0}.Release|x64.Build.0 = Release|Any CPU
		{5840BAE3-80FA-4113-9F54-2CDF3D5702C0}.Release|x86.ActiveCfg = Release|Any CPU
		{5840BAE3-80FA-4113-9F54-2CDF3D5702C0}.Release|x86.Build.0 = Release|Any CPU
		{46C23417-C7D5-4346-B384-8698B9B2D76F}.Debug|Any CPU.ActiveCfg = Debug|Any CPU
		{46C23417-C7D5-4346-B384-8698B9B2D76F}.Debug|Any CPU.Build.0 = Debug|Any CPU
		{46C23417-C7D5-4346-B384-8698B9B2D76F}.Debug|x64.ActiveCfg = Debug|Any CPU
		{46C23417-C7D5-4346-B384-8698B9B2D76F}.Debug|x64.Build.0 = Debug|Any CPU
		{46C23417-C7D5-4346-B384-8698B9B2D76F}.Debug|x86.ActiveCfg = Debug|Any CPU
		{46C23417-C7D5-4346-B384-8698B9B2D76F}.Debug|x86.Build.0 = Debug|Any CPU
		{46C23417-C7D5-4346-B384-8698B9B2D76F}.Release|Any CPU.ActiveCfg = Release|Any CPU
		{46C23417-C7D5-4346-B384-8698B9B2D76F}.Release|Any CPU.Build.0 = Release|Any CPU
		{46C23417-C7D5-4346-B384-8698B9B2D76F}.Release|x64.ActiveCfg = Release|Any CPU
		{46C23417-C7D5-4346-B384-8698B9B2D76F}.Release|x64.Build.0 = Release|Any CPU
		{46C23417-C7D5-4346-B384-8698B9B2D76F}.Release|x86.ActiveCfg = Release|Any CPU
		{46C23417-C7D5-4346-B384-8698B9B2D76F}.Release|x86.Build.0 = Release|Any CPU
	EndGlobalSection
	GlobalSection(SolutionProperties) = preSolution
		HideSolutionNode = FALSE
	EndGlobalSection
	GlobalSection(NestedProjects) = preSolution
		{1702E74D-D6DE-4BF5-B258-87EE63A70D93} = {F088C068-CF9C-4D8F-B599-D545013200D0}
		{6DD05E18-BE9F-4C59-B488-3ED8D77431CD} = {ADED638E-4CE3-4D6B-B469-98E4279F26E6}
		{42637010-D16B-4E88-B338-8EDCC7FFD5AC} = {827E0CD3-B72D-47B6-A68D-7590B98EB39B}
		{A914D56E-4ED9-4F34-8BD1-5055F3C1FD7D} = {42637010-D16B-4E88-B338-8EDCC7FFD5AC}
		{376F596F-B321-4D04-8A9F-C3DA2056B48E} = {827E0CD3-B72D-47B6-A68D-7590B98EB39B}
		{86E269D8-31DB-4E57-B7FB-7F576FC4FE40} = {376F596F-B321-4D04-8A9F-C3DA2056B48E}
		{E0916016-3E47-4153-A53A-F7C023884E37} = {376F596F-B321-4D04-8A9F-C3DA2056B48E}
		{5536CCA8-1490-46EE-BEDB-5ECFA26FD3C4} = {376F596F-B321-4D04-8A9F-C3DA2056B48E}
		{4A7F3367-EED5-4488-95B3-1D40A06F6FBD} = {376F596F-B321-4D04-8A9F-C3DA2056B48E}
		{B0853BEF-EE37-43A8-AD16-789C34120D9C} = {376F596F-B321-4D04-8A9F-C3DA2056B48E}
		{15B0770C-96E2-4F1A-A546-802C6F111D8D} = {376F596F-B321-4D04-8A9F-C3DA2056B48E}
		{EC4B9DB5-3F50-494A-B7F2-AF22A942A2DA} = {376F596F-B321-4D04-8A9F-C3DA2056B48E}
		{5E5B6CFA-F818-4341-9045-04623EC945C3} = {376F596F-B321-4D04-8A9F-C3DA2056B48E}
		{94A987E9-3984-45D0-B533-045DB3487646} = {376F596F-B321-4D04-8A9F-C3DA2056B48E}
		{5840BAE3-80FA-4113-9F54-2CDF3D5702C0} = {376F596F-B321-4D04-8A9F-C3DA2056B48E}
		{46C23417-C7D5-4346-B384-8698B9B2D76F} = {376F596F-B321-4D04-8A9F-C3DA2056B48E}
	EndGlobalSection
EndGlobal
